
Microsoft Visual Studio Solution File, Format Version 12.00
# Visual Studio Version 16
VisualStudioVersion = 16.0.30104.148
MinimumVisualStudioVersion = 10.0.40219.1
Project("{9A19103F-16F7-4668-BE54-9A1E7A4F7556}") = "WebApi.Swagger", "WebApi.Swagger\WebApi.Swagger.csproj", "{8B70BB35-6E8E-4347-BDB1-13FDBA37A447}"
EndProject
Project("{FAE04EC0-301F-11D3-BF4B-00C04F79EFBC}") = "Web", "Web\Web.csproj", "{71D123B8-1C3A-4CDC-B80B-5A94BEA9176E}"
EndProject
Global
	GlobalSection(SolutionConfigurationPlatforms) = preSolution
		Debug|Any CPU = Debug|Any CPU
		Release|Any CPU = Release|Any CPU
	EndGlobalSection
	GlobalSection(ProjectConfigurationPlatforms) = postSolution
		{8B70BB35-6E8E-4347-BDB1-13FDBA37A447}.Debug|Any CPU.ActiveCfg = Debug|Any CPU
		{8B70BB35-6E8E-4347-BDB1-13FDBA37A447}.Debug|Any CPU.Build.0 = Debug|Any CPU
		{8B70BB35-6E8E-4347-BDB1-13FDBA37A447}.Release|Any CPU.ActiveCfg = Release|Any CPU
		{8B70BB35-6E8E-4347-BDB1-13FDBA37A447}.Release|Any CPU.Build.0 = Release|Any CPU
		{71D123B8-1C3A-4CDC-B80B-5A94BEA9176E}.Debug|Any CPU.ActiveCfg = Debug|Any CPU
		{71D123B8-1C3A-4CDC-B80B-5A94BEA9176E}.Debug|Any CPU.Build.0 = Debug|Any CPU
		{71D123B8-1C3A-4CDC-B80B-5A94BEA9176E}.Release|Any CPU.ActiveCfg = Release|Any CPU
		{71D123B8-1C3A-4CDC-B80B-5A94BEA9176E}.Release|Any CPU.Build.0 = Release|Any CPU
	EndGlobalSection
	GlobalSection(SolutionProperties) = preSolution
		HideSolutionNode = FALSE
	EndGlobalSection
	GlobalSection(ExtensibilityGlobals) = postSolution
		SolutionGuid = {8DCB65C5-C402-4A49-955F-291AD6CDDA46}
	EndGlobalSection
EndGlobal
